
Microsoft Visual Studio Solution File, Format Version 12.00
# Visual Studio Version 17
VisualStudioVersion = 17.9.34616.47
MinimumVisualStudioVersion = 10.0.40219.1
Project("{9A19103F-16F7-4668-BE54-9A1E7A4F7556}") = "StevesGarden", ".\StevesGarden\StevesGarden.csproj", "{20BB2A16-FF7C-45AD-A832-E027EB2932A0}"
EndProject
Project("{FAE04EC0-301F-11D3-BF4B-00C04F79EFBC}") = "Tests", ".\Tests\Tests.csproj", "{B10B2FAC-4B96-4221-93CA-DB9457D19F8D}"
EndProject
Global
	GlobalSection(SolutionConfigurationPlatforms) = preSolution
		Debug|Any CPU = Debug|Any CPU
		Release|Any CPU = Release|Any CPU
	EndGlobalSection
	GlobalSection(ProjectConfigurationPlatforms) = postSolution
		{20BB2A16-FF7C-45AD-A832-E027EB2932A0}.Debug|Any CPU.ActiveCfg = Debug|Any CPU
		{20BB2A16-FF7C-45AD-A832-E027EB2932A0}.Debug|Any CPU.Build.0 = Debug|Any CPU
		{20BB2A16-FF7C-45AD-A832-E027EB2932A0}.Release|Any CPU.ActiveCfg = Release|Any CPU
		{20BB2A16-FF7C-45AD-A832-E027EB2932A0}.Release|Any CPU.Build.0 = Release|Any CPU
		{B10B2FAC-4B96-4221-93CA-DB9457D19F8D}.Debug|Any CPU.ActiveCfg = Debug|Any CPU
		{B10B2FAC-4B96-4221-93CA-DB9457D19F8D}.Debug|Any CPU.Build.0 = Debug|Any CPU
		{B10B2FAC-4B96-4221-93CA-DB9457D19F8D}.Release|Any CPU.ActiveCfg = Release|Any CPU
		{B10B2FAC-4B96-4221-93CA-DB9457D19F8D}.Release|Any CPU.Build.0 = Release|Any CPU
	EndGlobalSection
	GlobalSection(SolutionProperties) = preSolution
		HideSolutionNode = FALSE
	EndGlobalSection
	GlobalSection(ExtensibilityGlobals) = postSolution
		SolutionGuid = {BFBE39B4-AD8C-467D-953A-A862B78A0A44}
	EndGlobalSection
EndGlobal
