
Microsoft Visual Studio Solution File, Format Version 12.00
# Visual Studio Version 17
VisualStudioVersion = 17.3.32825.248
MinimumVisualStudioVersion = 10.0.40219.1
Project("{FAE04EC0-301F-11D3-BF4B-00C04F79EFBC}") = "Legmesszebbi település Kukutyintól", "Legmesszebbi település Kukutyintól\Legmesszebbi település Kukutyintól.csproj", "{5D2E7E87-D630-4518-9218-7BB93ADFD66C}"
EndProject
Global
	GlobalSection(SolutionConfigurationPlatforms) = preSolution
		Debug|Any CPU = Debug|Any CPU
		Release|Any CPU = Release|Any CPU
	EndGlobalSection
	GlobalSection(ProjectConfigurationPlatforms) = postSolution
		{5D2E7E87-D630-4518-9218-7BB93ADFD66C}.Debug|Any CPU.ActiveCfg = Debug|Any CPU
		{5D2E7E87-D630-4518-9218-7BB93ADFD66C}.Debug|Any CPU.Build.0 = Debug|Any CPU
		{5D2E7E87-D630-4518-9218-7BB93ADFD66C}.Release|Any CPU.ActiveCfg = Release|Any CPU
		{5D2E7E87-D630-4518-9218-7BB93ADFD66C}.Release|Any CPU.Build.0 = Release|Any CPU
	EndGlobalSection
	GlobalSection(SolutionProperties) = preSolution
		HideSolutionNode = FALSE
	EndGlobalSection
	GlobalSection(ExtensibilityGlobals) = postSolution
		SolutionGuid = {9E6D27E0-26FD-40D2-80D0-C24A0AE9D915}
	EndGlobalSection
EndGlobal
