
Microsoft Visual Studio Solution File, Format Version 12.00
# Visual Studio Version 17
VisualStudioVersion = 17.8.34322.80
MinimumVisualStudioVersion = 10.0.40219.1
Project("{FAE04EC0-301F-11D3-BF4B-00C04F79EFBC}") = "Game.WinForms", "Game.Winforms\Game.WinForms.csproj", "{40303FCF-2D75-4C09-8573-A92DEE005FAE}"
EndProject
Project("{FAE04EC0-301F-11D3-BF4B-00C04F79EFBC}") = "Game", "Game\Game.csproj", "{6F0A2814-C946-4C7A-8542-C6B55D71A2BB}"
EndProject
Global
	GlobalSection(SolutionConfigurationPlatforms) = preSolution
		Debug|Any CPU = Debug|Any CPU
		Release|Any CPU = Release|Any CPU
	EndGlobalSection
	GlobalSection(ProjectConfigurationPlatforms) = postSolution
		{40303FCF-2D75-4C09-8573-A92DEE005FAE}.Debug|Any CPU.ActiveCfg = Debug|Any CPU
		{40303FCF-2D75-4C09-8573-A92DEE005FAE}.Debug|Any CPU.Build.0 = Debug|Any CPU
		{40303FCF-2D75-4C09-8573-A92DEE005FAE}.Release|Any CPU.ActiveCfg = Release|Any CPU
		{40303FCF-2D75-4C09-8573-A92DEE005FAE}.Release|Any CPU.Build.0 = Release|Any CPU
		{6F0A2814-C946-4C7A-8542-C6B55D71A2BB}.Debug|Any CPU.ActiveCfg = Debug|Any CPU
		{6F0A2814-C946-4C7A-8542-C6B55D71A2BB}.Debug|Any CPU.Build.0 = Debug|Any CPU
		{6F0A2814-C946-4C7A-8542-C6B55D71A2BB}.Release|Any CPU.ActiveCfg = Release|Any CPU
		{6F0A2814-C946-4C7A-8542-C6B55D71A2BB}.Release|Any CPU.Build.0 = Release|Any CPU
	EndGlobalSection
	GlobalSection(SolutionProperties) = preSolution
		HideSolutionNode = FALSE
	EndGlobalSection
	GlobalSection(ExtensibilityGlobals) = postSolution
		SolutionGuid = {08EE9F15-4CD4-408B-904D-BE3C8F3D308D}
	EndGlobalSection
EndGlobal
