
Microsoft Visual Studio Solution File, Format Version 12.00
# Visual Studio Version 17
VisualStudioVersion = 17.5.33424.131
MinimumVisualStudioVersion = 10.0.40219.1
Project("{FAE04EC0-301F-11D3-BF4B-00C04F79EFBC}") = "Gyakorlas", "Gyakorlas.csproj", "{55475E5C-0381-440E-9E29-07471893FA0B}"
EndProject
Global
	GlobalSection(SolutionConfigurationPlatforms) = preSolution
		Debug|Any CPU = Debug|Any CPU
		Release|Any CPU = Release|Any CPU
	EndGlobalSection
	GlobalSection(ProjectConfigurationPlatforms) = postSolution
		{55475E5C-0381-440E-9E29-07471893FA0B}.Debug|Any CPU.ActiveCfg = Debug|Any CPU
		{55475E5C-0381-440E-9E29-07471893FA0B}.Debug|Any CPU.Build.0 = Debug|Any CPU
		{55475E5C-0381-440E-9E29-07471893FA0B}.Release|Any CPU.ActiveCfg = Release|Any CPU
		{55475E5C-0381-440E-9E29-07471893FA0B}.Release|Any CPU.Build.0 = Release|Any CPU
	EndGlobalSection
	GlobalSection(SolutionProperties) = preSolution
		HideSolutionNode = FALSE
	EndGlobalSection
	GlobalSection(ExtensibilityGlobals) = postSolution
		SolutionGuid = {95A4E3E8-C9D9-46B9-A762-2C0155728E21}
	EndGlobalSection
EndGlobal
