
Microsoft Visual Studio Solution File, Format Version 12.00
# Visual Studio Version 17
VisualStudioVersion = 17.5.33424.131
MinimumVisualStudioVersion = 10.0.40219.1
Project("{FAE04EC0-301F-11D3-BF4B-00C04F79EFBC}") = "TransparentStack", "TransparentStack\TransparentStack.csproj", "{FDF35265-35B6-4A5F-9310-184C45F7ADF0}"
EndProject
Project("{FAE04EC0-301F-11D3-BF4B-00C04F79EFBC}") = "TStackTest", "TStackTest\TStackTest.csproj", "{51B384A1-5C24-49FA-AE94-73FF258A176F}"
EndProject
Global
	GlobalSection(SolutionConfigurationPlatforms) = preSolution
		Debug|Any CPU = Debug|Any CPU
		Release|Any CPU = Release|Any CPU
	EndGlobalSection
	GlobalSection(ProjectConfigurationPlatforms) = postSolution
		{FDF35265-35B6-4A5F-9310-184C45F7ADF0}.Debug|Any CPU.ActiveCfg = Debug|Any CPU
		{FDF35265-35B6-4A5F-9310-184C45F7ADF0}.Debug|Any CPU.Build.0 = Debug|Any CPU
		{FDF35265-35B6-4A5F-9310-184C45F7ADF0}.Release|Any CPU.ActiveCfg = Release|Any CPU
		{FDF35265-35B6-4A5F-9310-184C45F7ADF0}.Release|Any CPU.Build.0 = Release|Any CPU
		{51B384A1-5C24-49FA-AE94-73FF258A176F}.Debug|Any CPU.ActiveCfg = Debug|Any CPU
		{51B384A1-5C24-49FA-AE94-73FF258A176F}.Debug|Any CPU.Build.0 = Debug|Any CPU
		{51B384A1-5C24-49FA-AE94-73FF258A176F}.Release|Any CPU.ActiveCfg = Release|Any CPU
		{51B384A1-5C24-49FA-AE94-73FF258A176F}.Release|Any CPU.Build.0 = Release|Any CPU
	EndGlobalSection
	GlobalSection(SolutionProperties) = preSolution
		HideSolutionNode = FALSE
	EndGlobalSection
	GlobalSection(ExtensibilityGlobals) = postSolution
		SolutionGuid = {27AF411E-33B1-4CAB-B08D-4FC825FFDD85}
	EndGlobalSection
EndGlobal
