
Microsoft Visual Studio Solution File, Format Version 12.00
# Visual Studio Version 17
VisualStudioVersion = 17.3.32929.385
MinimumVisualStudioVersion = 10.0.40219.1
Project("{FAE04EC0-301F-11D3-BF4B-00C04F79EFBC}") = "Ricsi", "Ricsi.csproj", "{371AF35A-E471-4CD9-A8E5-F25F03CD20E6}"
EndProject
Global
	GlobalSection(SolutionConfigurationPlatforms) = preSolution
		Debug|Any CPU = Debug|Any CPU
		Release|Any CPU = Release|Any CPU
	EndGlobalSection
	GlobalSection(ProjectConfigurationPlatforms) = postSolution
		{371AF35A-E471-4CD9-A8E5-F25F03CD20E6}.Debug|Any CPU.ActiveCfg = Debug|Any CPU
		{371AF35A-E471-4CD9-A8E5-F25F03CD20E6}.Debug|Any CPU.Build.0 = Debug|Any CPU
		{371AF35A-E471-4CD9-A8E5-F25F03CD20E6}.Release|Any CPU.ActiveCfg = Release|Any CPU
		{371AF35A-E471-4CD9-A8E5-F25F03CD20E6}.Release|Any CPU.Build.0 = Release|Any CPU
	EndGlobalSection
	GlobalSection(SolutionProperties) = preSolution
		HideSolutionNode = FALSE
	EndGlobalSection
	GlobalSection(ExtensibilityGlobals) = postSolution
		SolutionGuid = {852B1B71-0AA3-48DF-B957-A1D9A3DD6A13}
	EndGlobalSection
EndGlobal
