
Microsoft Visual Studio Solution File, Format Version 12.00
# Visual Studio Version 17
VisualStudioVersion = 17.7.34024.191
MinimumVisualStudioVersion = 10.0.40219.1
Project("{FAE04EC0-301F-11D3-BF4B-00C04F79EFBC}") = "Game", "Game\Game.csproj", "{50DC5C5E-7189-49DB-AA3A-387F7112FBA1}"
EndProject
Project("{FAE04EC0-301F-11D3-BF4B-00C04F79EFBC}") = "Game.WinForms", "Game.WinForms\Game.WinForms.csproj", "{36CA3C53-41EA-480D-AF76-99F7FE708251}"
EndProject
Project("{FAE04EC0-301F-11D3-BF4B-00C04F79EFBC}") = "Game.WPF", "Game.WPF\Game.WPF.csproj", "{D9A43B76-B360-4760-9A75-A0E21E99763B}"
EndProject
Project("{FAE04EC0-301F-11D3-BF4B-00C04F79EFBC}") = "Game.MAUI", "Game.MAUI\Game.MAUI.csproj", "{651B3725-CA83-48D1-8938-A55C6BEC41A6}"
EndProject
Global
	GlobalSection(SolutionConfigurationPlatforms) = preSolution
		Debug|Any CPU = Debug|Any CPU
		Release|Any CPU = Release|Any CPU
	EndGlobalSection
	GlobalSection(ProjectConfigurationPlatforms) = postSolution
		{50DC5C5E-7189-49DB-AA3A-387F7112FBA1}.Debug|Any CPU.ActiveCfg = Debug|Any CPU
		{50DC5C5E-7189-49DB-AA3A-387F7112FBA1}.Debug|Any CPU.Build.0 = Debug|Any CPU
		{50DC5C5E-7189-49DB-AA3A-387F7112FBA1}.Release|Any CPU.ActiveCfg = Release|Any CPU
		{50DC5C5E-7189-49DB-AA3A-387F7112FBA1}.Release|Any CPU.Build.0 = Release|Any CPU
		{36CA3C53-41EA-480D-AF76-99F7FE708251}.Debug|Any CPU.ActiveCfg = Debug|Any CPU
		{36CA3C53-41EA-480D-AF76-99F7FE708251}.Debug|Any CPU.Build.0 = Debug|Any CPU
		{36CA3C53-41EA-480D-AF76-99F7FE708251}.Release|Any CPU.ActiveCfg = Release|Any CPU
		{36CA3C53-41EA-480D-AF76-99F7FE708251}.Release|Any CPU.Build.0 = Release|Any CPU
		{D9A43B76-B360-4760-9A75-A0E21E99763B}.Debug|Any CPU.ActiveCfg = Debug|Any CPU
		{D9A43B76-B360-4760-9A75-A0E21E99763B}.Debug|Any CPU.Build.0 = Debug|Any CPU
		{D9A43B76-B360-4760-9A75-A0E21E99763B}.Release|Any CPU.ActiveCfg = Release|Any CPU
		{D9A43B76-B360-4760-9A75-A0E21E99763B}.Release|Any CPU.Build.0 = Release|Any CPU
		{651B3725-CA83-48D1-8938-A55C6BEC41A6}.Debug|Any CPU.ActiveCfg = Debug|Any CPU
		{651B3725-CA83-48D1-8938-A55C6BEC41A6}.Debug|Any CPU.Build.0 = Debug|Any CPU
		{651B3725-CA83-48D1-8938-A55C6BEC41A6}.Debug|Any CPU.Deploy.0 = Debug|Any CPU
		{651B3725-CA83-48D1-8938-A55C6BEC41A6}.Release|Any CPU.ActiveCfg = Release|Any CPU
		{651B3725-CA83-48D1-8938-A55C6BEC41A6}.Release|Any CPU.Build.0 = Release|Any CPU
		{651B3725-CA83-48D1-8938-A55C6BEC41A6}.Release|Any CPU.Deploy.0 = Release|Any CPU
	EndGlobalSection
	GlobalSection(SolutionProperties) = preSolution
		HideSolutionNode = FALSE
	EndGlobalSection
	GlobalSection(ExtensibilityGlobals) = postSolution
		SolutionGuid = {F7DECA4D-919A-48E0-8A71-5C487660105F}
	EndGlobalSection
EndGlobal
