
Microsoft Visual Studio Solution File, Format Version 12.00
# Visual Studio Version 17
VisualStudioVersion = 17.3.32929.385
MinimumVisualStudioVersion = 10.0.40219.1
Project("{8BC9CEB8-8B4A-11D0-8D11-00A0C91BC942}") = "Gyakorlás", "Gyakorlás\Gyakorlás.vcxproj", "{20104464-128A-439D-A627-BD7F5450E46C}"
EndProject
Global
	GlobalSection(SolutionConfigurationPlatforms) = preSolution
		Debug|x64 = Debug|x64
		Debug|x86 = Debug|x86
		Release|x64 = Release|x64
		Release|x86 = Release|x86
	EndGlobalSection
	GlobalSection(ProjectConfigurationPlatforms) = postSolution
		{20104464-128A-439D-A627-BD7F5450E46C}.Debug|x64.ActiveCfg = Debug|x64
		{20104464-128A-439D-A627-BD7F5450E46C}.Debug|x64.Build.0 = Debug|x64
		{20104464-128A-439D-A627-BD7F5450E46C}.Debug|x86.ActiveCfg = Debug|Win32
		{20104464-128A-439D-A627-BD7F5450E46C}.Debug|x86.Build.0 = Debug|Win32
		{20104464-128A-439D-A627-BD7F5450E46C}.Release|x64.ActiveCfg = Release|x64
		{20104464-128A-439D-A627-BD7F5450E46C}.Release|x64.Build.0 = Release|x64
		{20104464-128A-439D-A627-BD7F5450E46C}.Release|x86.ActiveCfg = Release|Win32
		{20104464-128A-439D-A627-BD7F5450E46C}.Release|x86.Build.0 = Release|Win32
	EndGlobalSection
	GlobalSection(SolutionProperties) = preSolution
		HideSolutionNode = FALSE
	EndGlobalSection
	GlobalSection(ExtensibilityGlobals) = postSolution
		SolutionGuid = {7FB2AFF3-A9E3-4AFB-9CD7-53BF51C5A0FE}
	EndGlobalSection
EndGlobal
