
Microsoft Visual Studio Solution File, Format Version 12.00
# Visual Studio Version 17
VisualStudioVersion = 17.3.32929.385
MinimumVisualStudioVersion = 10.0.40219.1
Project("{FAE04EC0-301F-11D3-BF4B-00C04F79EFBC}") = "DVZCBT", "DVZCBT.csproj", "{04F3E6EF-C12E-4CCF-80F5-7E8274C130A9}"
EndProject
Global
	GlobalSection(SolutionConfigurationPlatforms) = preSolution
		Debug|Any CPU = Debug|Any CPU
		Release|Any CPU = Release|Any CPU
	EndGlobalSection
	GlobalSection(ProjectConfigurationPlatforms) = postSolution
		{04F3E6EF-C12E-4CCF-80F5-7E8274C130A9}.Debug|Any CPU.ActiveCfg = Debug|Any CPU
		{04F3E6EF-C12E-4CCF-80F5-7E8274C130A9}.Debug|Any CPU.Build.0 = Debug|Any CPU
		{04F3E6EF-C12E-4CCF-80F5-7E8274C130A9}.Release|Any CPU.ActiveCfg = Release|Any CPU
		{04F3E6EF-C12E-4CCF-80F5-7E8274C130A9}.Release|Any CPU.Build.0 = Release|Any CPU
	EndGlobalSection
	GlobalSection(SolutionProperties) = preSolution
		HideSolutionNode = FALSE
	EndGlobalSection
	GlobalSection(ExtensibilityGlobals) = postSolution
		SolutionGuid = {0BC3F87B-89DA-4241-8DA9-486BBCB26851}
	EndGlobalSection
EndGlobal
