
Microsoft Visual Studio Solution File, Format Version 12.00
# Visual Studio Version 17
VisualStudioVersion = 17.3.32825.248
MinimumVisualStudioVersion = 10.0.40219.1
Project("{FAE04EC0-301F-11D3-BF4B-00C04F79EFBC}") = "factorials", "factorials\factorials.csproj", "{5D4C444A-92A7-4DC3-AD11-BCF2A9361F9A}"
EndProject
Global
	GlobalSection(SolutionConfigurationPlatforms) = preSolution
		Debug|Any CPU = Debug|Any CPU
		Release|Any CPU = Release|Any CPU
	EndGlobalSection
	GlobalSection(ProjectConfigurationPlatforms) = postSolution
		{5D4C444A-92A7-4DC3-AD11-BCF2A9361F9A}.Debug|Any CPU.ActiveCfg = Debug|Any CPU
		{5D4C444A-92A7-4DC3-AD11-BCF2A9361F9A}.Debug|Any CPU.Build.0 = Debug|Any CPU
		{5D4C444A-92A7-4DC3-AD11-BCF2A9361F9A}.Release|Any CPU.ActiveCfg = Release|Any CPU
		{5D4C444A-92A7-4DC3-AD11-BCF2A9361F9A}.Release|Any CPU.Build.0 = Release|Any CPU
	EndGlobalSection
	GlobalSection(SolutionProperties) = preSolution
		HideSolutionNode = FALSE
	EndGlobalSection
	GlobalSection(ExtensibilityGlobals) = postSolution
		SolutionGuid = {1FBCA066-3065-4389-9BD8-98A1E2C6569F}
	EndGlobalSection
EndGlobal
