
Microsoft Visual Studio Solution File, Format Version 12.00
# Visual Studio Version 17
VisualStudioVersion = 17.3.32929.385
MinimumVisualStudioVersion = 10.0.40219.1
Project("{FAE04EC0-301F-11D3-BF4B-00C04F79EFBC}") = "Text", "Text.csproj", "{AC1592A7-6BF6-45EA-9189-E8AA23FBBBD7}"
EndProject
Global
	GlobalSection(SolutionConfigurationPlatforms) = preSolution
		Debug|Any CPU = Debug|Any CPU
		Release|Any CPU = Release|Any CPU
	EndGlobalSection
	GlobalSection(ProjectConfigurationPlatforms) = postSolution
		{AC1592A7-6BF6-45EA-9189-E8AA23FBBBD7}.Debug|Any CPU.ActiveCfg = Debug|Any CPU
		{AC1592A7-6BF6-45EA-9189-E8AA23FBBBD7}.Debug|Any CPU.Build.0 = Debug|Any CPU
		{AC1592A7-6BF6-45EA-9189-E8AA23FBBBD7}.Release|Any CPU.ActiveCfg = Release|Any CPU
		{AC1592A7-6BF6-45EA-9189-E8AA23FBBBD7}.Release|Any CPU.Build.0 = Release|Any CPU
	EndGlobalSection
	GlobalSection(SolutionProperties) = preSolution
		HideSolutionNode = FALSE
	EndGlobalSection
	GlobalSection(ExtensibilityGlobals) = postSolution
		SolutionGuid = {4C747FD7-8968-4418-B56C-BAEB12F05104}
	EndGlobalSection
EndGlobal
