
Microsoft Visual Studio Solution File, Format Version 12.00
# Visual Studio Version 17
VisualStudioVersion = 17.3.32929.385
MinimumVisualStudioVersion = 10.0.40219.1
Project("{FAE04EC0-301F-11D3-BF4B-00C04F79EFBC}") = "Települések átlag szerinti sorrendje", "Települések átlag szerinti sorrendje.csproj", "{F70E74D7-6632-41A2-8829-DE3C00AA044E}"
EndProject
Global
	GlobalSection(SolutionConfigurationPlatforms) = preSolution
		Debug|Any CPU = Debug|Any CPU
		Release|Any CPU = Release|Any CPU
	EndGlobalSection
	GlobalSection(ProjectConfigurationPlatforms) = postSolution
		{F70E74D7-6632-41A2-8829-DE3C00AA044E}.Debug|Any CPU.ActiveCfg = Debug|Any CPU
		{F70E74D7-6632-41A2-8829-DE3C00AA044E}.Debug|Any CPU.Build.0 = Debug|Any CPU
		{F70E74D7-6632-41A2-8829-DE3C00AA044E}.Release|Any CPU.ActiveCfg = Release|Any CPU
		{F70E74D7-6632-41A2-8829-DE3C00AA044E}.Release|Any CPU.Build.0 = Release|Any CPU
	EndGlobalSection
	GlobalSection(SolutionProperties) = preSolution
		HideSolutionNode = FALSE
	EndGlobalSection
	GlobalSection(ExtensibilityGlobals) = postSolution
		SolutionGuid = {E0797FBB-4858-4A87-BA40-94D306E27D04}
	EndGlobalSection
EndGlobal
