
Microsoft Visual Studio Solution File, Format Version 12.00
# Visual Studio Version 17
VisualStudioVersion = 17.3.32922.545
MinimumVisualStudioVersion = 10.0.40219.1
Project("{FAE04EC0-301F-11D3-BF4B-00C04F79EFBC}") = "Huszár", "Huszár\Huszár.csproj", "{A26C9AED-8AC2-46A3-8660-6F4573698D87}"
EndProject
Global
	GlobalSection(SolutionConfigurationPlatforms) = preSolution
		Debug|Any CPU = Debug|Any CPU
		Release|Any CPU = Release|Any CPU
	EndGlobalSection
	GlobalSection(ProjectConfigurationPlatforms) = postSolution
		{A26C9AED-8AC2-46A3-8660-6F4573698D87}.Debug|Any CPU.ActiveCfg = Debug|Any CPU
		{A26C9AED-8AC2-46A3-8660-6F4573698D87}.Debug|Any CPU.Build.0 = Debug|Any CPU
		{A26C9AED-8AC2-46A3-8660-6F4573698D87}.Release|Any CPU.ActiveCfg = Release|Any CPU
		{A26C9AED-8AC2-46A3-8660-6F4573698D87}.Release|Any CPU.Build.0 = Release|Any CPU
	EndGlobalSection
	GlobalSection(SolutionProperties) = preSolution
		HideSolutionNode = FALSE
	EndGlobalSection
	GlobalSection(ExtensibilityGlobals) = postSolution
		SolutionGuid = {B60F1DEC-9D9F-426B-8100-EB39DDA9E542}
	EndGlobalSection
EndGlobal
