
Microsoft Visual Studio Solution File, Format Version 12.00
# Visual Studio Version 17
VisualStudioVersion = 17.3.32929.385
MinimumVisualStudioVersion = 10.0.40219.1
Project("{FAE04EC0-301F-11D3-BF4B-00C04F79EFBC}") = "JavítóZH", "JavítóZH.csproj", "{CF84532C-4C55-4725-8EB3-73DABB8354DA}"
EndProject
Global
	GlobalSection(SolutionConfigurationPlatforms) = preSolution
		Debug|Any CPU = Debug|Any CPU
		Release|Any CPU = Release|Any CPU
	EndGlobalSection
	GlobalSection(ProjectConfigurationPlatforms) = postSolution
		{CF84532C-4C55-4725-8EB3-73DABB8354DA}.Debug|Any CPU.ActiveCfg = Debug|Any CPU
		{CF84532C-4C55-4725-8EB3-73DABB8354DA}.Debug|Any CPU.Build.0 = Debug|Any CPU
		{CF84532C-4C55-4725-8EB3-73DABB8354DA}.Release|Any CPU.ActiveCfg = Release|Any CPU
		{CF84532C-4C55-4725-8EB3-73DABB8354DA}.Release|Any CPU.Build.0 = Release|Any CPU
	EndGlobalSection
	GlobalSection(SolutionProperties) = preSolution
		HideSolutionNode = FALSE
	EndGlobalSection
	GlobalSection(ExtensibilityGlobals) = postSolution
		SolutionGuid = {61ACD6A3-910A-49AB-8910-7407626F8865}
	EndGlobalSection
EndGlobal
