
Microsoft Visual Studio Solution File, Format Version 12.00
# Visual Studio Version 17
VisualStudioVersion = 17.12.35514.174 d17.12
MinimumVisualStudioVersion = 10.0.40219.1
Project("{FAE04EC0-301F-11D3-BF4B-00C04F79EFBC}") = "Tundra", "Tundra\Tundra.csproj", "{18C2FE96-1C3D-4EDA-8DC8-2E1C50AB3F9F}"
EndProject
Project("{FAE04EC0-301F-11D3-BF4B-00C04F79EFBC}") = "TundraTest", "TundraTest\TundraTest.csproj", "{9F6EB3EB-6F4D-46EB-AB76-1882EAE91B05}"
EndProject
Global
	GlobalSection(SolutionConfigurationPlatforms) = preSolution
		Debug|Any CPU = Debug|Any CPU
		Release|Any CPU = Release|Any CPU
	EndGlobalSection
	GlobalSection(ProjectConfigurationPlatforms) = postSolution
		{18C2FE96-1C3D-4EDA-8DC8-2E1C50AB3F9F}.Debug|Any CPU.ActiveCfg = Debug|Any CPU
		{18C2FE96-1C3D-4EDA-8DC8-2E1C50AB3F9F}.Debug|Any CPU.Build.0 = Debug|Any CPU
		{18C2FE96-1C3D-4EDA-8DC8-2E1C50AB3F9F}.Release|Any CPU.ActiveCfg = Release|Any CPU
		{18C2FE96-1C3D-4EDA-8DC8-2E1C50AB3F9F}.Release|Any CPU.Build.0 = Release|Any CPU
		{9F6EB3EB-6F4D-46EB-AB76-1882EAE91B05}.Debug|Any CPU.ActiveCfg = Debug|Any CPU
		{9F6EB3EB-6F4D-46EB-AB76-1882EAE91B05}.Debug|Any CPU.Build.0 = Debug|Any CPU
		{9F6EB3EB-6F4D-46EB-AB76-1882EAE91B05}.Release|Any CPU.ActiveCfg = Release|Any CPU
		{9F6EB3EB-6F4D-46EB-AB76-1882EAE91B05}.Release|Any CPU.Build.0 = Release|Any CPU
	EndGlobalSection
	GlobalSection(SolutionProperties) = preSolution
		HideSolutionNode = FALSE
	EndGlobalSection
EndGlobal
