
Microsoft Visual Studio Solution File, Format Version 12.00
# Visual Studio Version 17
VisualStudioVersion = 17.3.32825.248
MinimumVisualStudioVersion = 10.0.40219.1
Project("{FAE04EC0-301F-11D3-BF4B-00C04F79EFBC}") = "Program", "Program\Program.csproj", "{A48858A3-C0AD-4D0B-AF40-BF5CCC97FE8D}"
EndProject
Global
	GlobalSection(SolutionConfigurationPlatforms) = preSolution
		Debug|Any CPU = Debug|Any CPU
		Release|Any CPU = Release|Any CPU
	EndGlobalSection
	GlobalSection(ProjectConfigurationPlatforms) = postSolution
		{A48858A3-C0AD-4D0B-AF40-BF5CCC97FE8D}.Debug|Any CPU.ActiveCfg = Debug|Any CPU
		{A48858A3-C0AD-4D0B-AF40-BF5CCC97FE8D}.Debug|Any CPU.Build.0 = Debug|Any CPU
		{A48858A3-C0AD-4D0B-AF40-BF5CCC97FE8D}.Release|Any CPU.ActiveCfg = Release|Any CPU
		{A48858A3-C0AD-4D0B-AF40-BF5CCC97FE8D}.Release|Any CPU.Build.0 = Release|Any CPU
	EndGlobalSection
	GlobalSection(SolutionProperties) = preSolution
		HideSolutionNode = FALSE
	EndGlobalSection
	GlobalSection(ExtensibilityGlobals) = postSolution
		SolutionGuid = {15F04BC1-B9C7-4EF7-B170-0D67AF60505B}
	EndGlobalSection
EndGlobal
